
Microsoft Visual Studio Solution File, Format Version 12.00
# Visual Studio Version 17
VisualStudioVersion = 17.5.33103.201
MinimumVisualStudioVersion = 10.0.40219.1
Project("{FAE04EC0-301F-11D3-BF4B-00C04F79EFBC}") = "WpfApp3", "WpfApp3\WpfApp3.csproj", "{11CCE888-E605-4522-815D-F285DD2CC572}"
EndProject
Project("{FAE04EC0-301F-11D3-BF4B-00C04F79EFBC}") = "Fantasy.Wpf.NodeEditControl", "Fantasy.Wpf.NodeEditControl\Fantasy.Wpf.NodeEditControl.csproj", "{C4A66ECA-8DD7-4F2C-BF6C-C1377BAC2915}"
EndProject
Global
	GlobalSection(SolutionConfigurationPlatforms) = preSolution
		Debug|Any CPU = Debug|Any CPU
		Release|Any CPU = Release|Any CPU
	EndGlobalSection
	GlobalSection(ProjectConfigurationPlatforms) = postSolution
		{11CCE888-E605-4522-815D-F285DD2CC572}.Debug|Any CPU.ActiveCfg = Debug|Any CPU
		{11CCE888-E605-4522-815D-F285DD2CC572}.Debug|Any CPU.Build.0 = Debug|Any CPU
		{11CCE888-E605-4522-815D-F285DD2CC572}.Release|Any CPU.ActiveCfg = Release|Any CPU
		{11CCE888-E605-4522-815D-F285DD2CC572}.Release|Any CPU.Build.0 = Release|Any CPU
		{C4A66ECA-8DD7-4F2C-BF6C-C1377BAC2915}.Debug|Any CPU.ActiveCfg = Debug|Any CPU
		{C4A66ECA-8DD7-4F2C-BF6C-C1377BAC2915}.Debug|Any CPU.Build.0 = Debug|Any CPU
		{C4A66ECA-8DD7-4F2C-BF6C-C1377BAC2915}.Release|Any CPU.ActiveCfg = Release|Any CPU
		{C4A66ECA-8DD7-4F2C-BF6C-C1377BAC2915}.Release|Any CPU.Build.0 = Release|Any CPU
	EndGlobalSection
	GlobalSection(SolutionProperties) = preSolution
		HideSolutionNode = FALSE
	EndGlobalSection
	GlobalSection(ExtensibilityGlobals) = postSolution
		SolutionGuid = {AE254698-51FB-4CF4-98BE-42922F12D74F}
	EndGlobalSection
EndGlobal
